
Microsoft Visual Studio Solution File, Format Version 12.00
# Visual Studio Express 2012 for Windows Desktop
Project("{FAE04EC0-301F-11D3-BF4B-00C04F79EFBC}") = "Water Billing MAnagemen System", "Water Billing MAnagemen System\Water Billing MAnagemen System.csproj", "{5101ED6D-7F52-4A8A-BC2A-3ADF5BCD6393}"
EndProject
Global
	GlobalSection(SolutionConfigurationPlatforms) = preSolution
		Debug|Any CPU = Debug|Any CPU
		Release|Any CPU = Release|Any CPU
	EndGlobalSection
	GlobalSection(ProjectConfigurationPlatforms) = postSolution
		{5101ED6D-7F52-4A8A-BC2A-3ADF5BCD6393}.Debug|Any CPU.ActiveCfg = Debug|Any CPU
		{5101ED6D-7F52-4A8A-BC2A-3ADF5BCD6393}.Debug|Any CPU.Build.0 = Debug|Any CPU
		{5101ED6D-7F52-4A8A-BC2A-3ADF5BCD6393}.Release|Any CPU.ActiveCfg = Release|Any CPU
		{5101ED6D-7F52-4A8A-BC2A-3ADF5BCD6393}.Release|Any CPU.Build.0 = Release|Any CPU
	EndGlobalSection
	GlobalSection(SolutionProperties) = preSolution
		HideSolutionNode = FALSE
	EndGlobalSection
EndGlobal
